
Microsoft Visual Studio Solution File, Format Version 12.00
# Visual Studio Version 16
VisualStudioVersion = 16.0.29306.81
MinimumVisualStudioVersion = 10.0.40219.1
Project("{FAE04EC0-301F-11D3-BF4B-00C04F79EFBC}") = "13 Dialog Result-EM", "13 Dialog Result-EM\13 Dialog Result-EM.csproj", "{0C2ED4D5-6C28-434D-9C7C-4BD0972D5EE0}"
EndProject
Global
	GlobalSection(SolutionConfigurationPlatforms) = preSolution
		Debug|Any CPU = Debug|Any CPU
		Release|Any CPU = Release|Any CPU
	EndGlobalSection
	GlobalSection(ProjectConfigurationPlatforms) = postSolution
		{0C2ED4D5-6C28-434D-9C7C-4BD0972D5EE0}.Debug|Any CPU.ActiveCfg = Debug|Any CPU
		{0C2ED4D5-6C28-434D-9C7C-4BD0972D5EE0}.Debug|Any CPU.Build.0 = Debug|Any CPU
		{0C2ED4D5-6C28-434D-9C7C-4BD0972D5EE0}.Release|Any CPU.ActiveCfg = Release|Any CPU
		{0C2ED4D5-6C28-434D-9C7C-4BD0972D5EE0}.Release|Any CPU.Build.0 = Release|Any CPU
	EndGlobalSection
	GlobalSection(SolutionProperties) = preSolution
		HideSolutionNode = FALSE
	EndGlobalSection
	GlobalSection(ExtensibilityGlobals) = postSolution
		SolutionGuid = {C7E88024-61AA-4EB8-AF70-3C5E7FC5ED74}
	EndGlobalSection
EndGlobal
